PODS:
  - ActionSheetPicker-3.0 (2.2.0)
  - EPCalendarPicker (1.0.9)
  - Firebase/Auth (4.3.0):
    - Firebase/Core
    - FirebaseAuth (= 4.2.1)
  - Firebase/Core (4.3.0):
    - FirebaseAnalytics (= 4.0.4)
    - FirebaseCore (= 4.0.8)
  - Firebase/Database (4.3.0):
    - Firebase/Core
    - FirebaseDatabase (= 4.1.0)
  - Firebase/Storage (4.3.0):
    - Firebase/Core
    - FirebaseStorage (= 2.0.2)
  - FirebaseAnalytics (4.0.4):
    - FirebaseCore (~> 4.0)
    - FirebaseInstanceID (~> 2.0)
    - GoogleToolboxForMac/NSData+zlib (~> 2.1)
    - nanopb (~> 0.3)
  - FirebaseAuth (4.2.1):
    - FirebaseAnalytics (~> 4.0)
    - GoogleToolboxForMac/NSDictionary+URLArguments (~> 2.1)
    - GTMSessionFetcher/Core (~> 1.1)
  - FirebaseCore (4.0.8):
    - GoogleToolboxForMac/NSData+zlib (~> 2.1)
    - nanopb (~> 0.3)
  - FirebaseDatabase (4.1.0):
    - FirebaseAnalytics (~> 4.0)
    - FirebaseCore (~> 4.0)
    - leveldb-library (~> 1.18)
  - FirebaseInstanceID (2.0.4)
  - FirebaseStorage (2.0.2):
    - FirebaseAnalytics (~> 4.0)
    - FirebaseCore (~> 4.0)
    - GTMSessionFetcher/Core (~> 1.1)
  - GoogleMaps (2.4.0):
    - GoogleMaps/Maps (= 2.4.0)
  - GoogleMaps/Base (2.4.0)
  - GoogleMaps/Maps (2.4.0):
    - GoogleMaps/Base
  - GoogleToolboxForMac/DebugUtils (2.1.3):
    - GoogleToolboxForMac/Defines (= 2.1.3)
  - GoogleToolboxForMac/Defines (2.1.3)
  - GoogleToolboxForMac/NSData+zlib (2.1.3):
    - GoogleToolboxForMac/Defines (= 2.1.3)
  - GoogleToolboxForMac/NSDictionary+URLArguments (2.1.3):
    - GoogleToolboxForMac/DebugUtils (= 2.1.3)
    - GoogleToolboxForMac/Defines (= 2.1.3)
    - GoogleToolboxForMac/NSString+URLArguments (= 2.1.3)
  - GoogleToolboxForMac/NSString+URLArguments (2.1.3)
  - GTMSessionFetcher/Core (1.1.12)
  - leveldb-library (1.18.3)
  - nanopb (0.3.8):
    - nanopb/decode (= 0.3.8)
    - nanopb/encode (= 0.3.8)
  - nanopb/decode (0.3.8)
  - nanopb/encode (0.3.8)
  - PhoneNumberKit (1.4.0):
    - PhoneNumberKit/PhoneNumberKitCore (= 1.4.0)
    - PhoneNumberKit/UIKit (= 1.4.0)
  - PhoneNumberKit/PhoneNumberKitCore (1.4.0)
  - PhoneNumberKit/UIKit (1.4.0):
    - PhoneNumberKit/PhoneNumberKitCore

DEPENDENCIES:
  - ActionSheetPicker-3.0
  - EPCalendarPicker
  - Firebase/Auth
  - Firebase/Core
  - Firebase/Database
  - Firebase/Storage
  - GoogleMaps
  - PhoneNumberKit (~> 1.0)

SPEC CHECKSUMS:
  ActionSheetPicker-3.0: d11a4c12c6aaf704b8a3f56d179198c99f3e41e6
  EPCalendarPicker: f6d39acc73f6df2bd78e963ed7f59b6949df2eaa
  Firebase: 83283761a1ef6dc9846e03d08059f51421afbd65
  FirebaseAnalytics: 722b53c7b32bfc7806b06e0093a2f5180d4f2c5a
  FirebaseAuth: d7f047fbeab98062b98ea933b8d934e0fb1190e2
  FirebaseCore: 69b1a5ac5f857ba6d5fd9d5fe794f4786dd5e579
  FirebaseDatabase: 607284a103e961d7f5863ee603cab5e85f443bd6
  FirebaseInstanceID: 70c2b877e9338971b2429ea5a4293df6961aa44e
  FirebaseStorage: 0cca42d9b889a0227c3a50121f45a4469fc9eb27
  GoogleMaps: 8436ab5d1c25e36915b2f7416d0c8e3fa2e76c61
  GoogleToolboxForMac: 2501e2ad72a52eb3dfe7bd9aee7dad11b858bd20
  GTMSessionFetcher: ebaa1f79a5366922c1735f1566901f50beba23b7
  leveldb-library: 10fb39c39e243db4af1828441162405bbcec1404
  nanopb: 5601e6bca2dbf1ed831b519092ec110f66982ca3
  PhoneNumberKit: a739c359d05701e2e9745654f53e7c64379c2516

PODFILE CHECKSUM: e0062699aed10e46bd9f5a2a800147b19ef7d8c2

COCOAPODS: 1.3.1
